
Microsoft Visual Studio Solution File, Format Version 12.00
# Visual Studio 15
VisualStudioVersion = 15.0.27004.2006
MinimumVisualStudioVersion = 10.0.40219.1
Project("{FAE04EC0-301F-11D3-BF4B-00C04F79EFBC}") = "MvcMovie", "MvcMovie\MvcMovie.csproj", "{CD810F81-BE9E-4203-ABE5-A84911E54ABE}"
EndProject
Global
	GlobalSection(SolutionConfigurationPlatforms) = preSolution
		Debug|Any CPU = Debug|Any CPU
		Release|Any CPU = Release|Any CPU
	EndGlobalSection
	GlobalSection(ProjectConfigurationPlatforms) = postSolution
		{CD810F81-BE9E-4203-ABE5-A84911E54ABE}.Debug|Any CPU.ActiveCfg = Debug|Any CPU
		{CD810F81-BE9E-4203-ABE5-A84911E54ABE}.Debug|Any CPU.Build.0 = Debug|Any CPU
		{CD810F81-BE9E-4203-ABE5-A84911E54ABE}.Release|Any CPU.ActiveCfg = Release|Any CPU
		{CD810F81-BE9E-4203-ABE5-A84911E54ABE}.Release|Any CPU.Build.0 = Release|Any CPU
	EndGlobalSection
	GlobalSection(SolutionProperties) = preSolution
		HideSolutionNode = FALSE
	EndGlobalSection
	GlobalSection(ExtensibilityGlobals) = postSolution
		SolutionGuid = {0A5DDA14-B8C5-4681-AFC2-B75D847BE5C8}
	EndGlobalSection
EndGlobal
